
Microsoft Visual Studio Solution File, Format Version 12.00
# Visual Studio 15
VisualStudioVersion = 15.0.27703.2018
MinimumVisualStudioVersion = 10.0.40219.1
Project("{FAE04EC0-301F-11D3-BF4B-00C04F79EFBC}") = "Discord BotSharp", "Discord BotSharp\Discord BotSharp.csproj", "{8698A957-399E-4BEA-BB3B-9AA689055F0E}"
EndProject
Global
	GlobalSection(SolutionConfigurationPlatforms) = preSolution
		Debug|Any CPU = Debug|Any CPU
		Release|Any CPU = Release|Any CPU
	EndGlobalSection
	GlobalSection(ProjectConfigurationPlatforms) = postSolution
		{8698A957-399E-4BEA-BB3B-9AA689055F0E}.Debug|Any CPU.ActiveCfg = Debug|Any CPU
		{8698A957-399E-4BEA-BB3B-9AA689055F0E}.Debug|Any CPU.Build.0 = Debug|Any CPU
		{8698A957-399E-4BEA-BB3B-9AA689055F0E}.Release|Any CPU.ActiveCfg = Release|Any CPU
		{8698A957-399E-4BEA-BB3B-9AA689055F0E}.Release|Any CPU.Build.0 = Release|Any CPU
	EndGlobalSection
	GlobalSection(SolutionProperties) = preSolution
		HideSolutionNode = FALSE
	EndGlobalSection
	GlobalSection(ExtensibilityGlobals) = postSolution
		SolutionGuid = {BA6A1864-DA67-43EF-AF95-18E0782A35E3}
	EndGlobalSection
EndGlobal
